
Microsoft Visual Studio Solution File, Format Version 12.00
# Visual Studio Version 16
VisualStudioVersion = 16.0.31729.503
MinimumVisualStudioVersion = 10.0.40219.1
Project("{9A19103F-16F7-4668-BE54-9A1E7A4F7556}") = "CoinListingScraper.API", "CoinListingScraper.API\CoinListingScraper.API.csproj", "{26C454E2-ECB7-4BC5-9137-09704E23E1BF}"
EndProject
Project("{9A19103F-16F7-4668-BE54-9A1E7A4F7556}") = "CoinListingScraper.Data", "CoinListingScraper.Data\CoinListingScraper.Data.csproj", "{11FFD760-0E22-4D13-9352-63689EBE7D62}"
EndProject
Project("{9A19103F-16F7-4668-BE54-9A1E7A4F7556}") = "CoinListingScraper.CoinGecko", "CoinListingScraper.CoinGecko\CoinListingScraper.CoinGecko.csproj", "{79FF0951-6492-431C-8A15-FF91B5ED1EB1}"
EndProject
Project("{9A19103F-16F7-4668-BE54-9A1E7A4F7556}") = "CoinListingScraper.Application", "CoinListingScraper.Application\CoinListingScraper.Application.csproj", "{645DEFB0-B42E-49E7-8ACB-4BECCADC265D}"
EndProject
Project("{9A19103F-16F7-4668-BE54-9A1E7A4F7556}") = "CoinListingScraper.UnitTests", "CoinListingScraper.UnitTests\CoinListingScraper.UnitTests.csproj", "{AEF40A29-25B9-45D5-A7FD-E5FD7DA18F08}"
EndProject
Project("{FAE04EC0-301F-11D3-BF4B-00C04F79EFBC}") = "CoinListingScraper.ScraperService", "CoinListingScraper.ScraperService\CoinListingScraper.ScraperService.csproj", "{227DE843-3374-4BD6-BA1E-AAC21ACDAC0E}"
EndProject
Project("{FAE04EC0-301F-11D3-BF4B-00C04F79EFBC}") = "CoinListingScraper.DiscordAnnouncer", "CoinListingScraper.DiscordAnnouncer\CoinListingScraper.DiscordAnnouncer.csproj", "{1B592975-1B44-4DC8-BB66-21357F2D5F0E}"
EndProject
Global
	GlobalSection(SolutionConfigurationPlatforms) = preSolution
		Debug|Any CPU = Debug|Any CPU
		Release|Any CPU = Release|Any CPU
	EndGlobalSection
	GlobalSection(ProjectConfigurationPlatforms) = postSolution
		{26C454E2-ECB7-4BC5-9137-09704E23E1BF}.Debug|Any CPU.ActiveCfg = Debug|Any CPU
		{26C454E2-ECB7-4BC5-9137-09704E23E1BF}.Debug|Any CPU.Build.0 = Debug|Any CPU
		{26C454E2-ECB7-4BC5-9137-09704E23E1BF}.Release|Any CPU.ActiveCfg = Release|Any CPU
		{26C454E2-ECB7-4BC5-9137-09704E23E1BF}.Release|Any CPU.Build.0 = Release|Any CPU
		{11FFD760-0E22-4D13-9352-63689EBE7D62}.Debug|Any CPU.ActiveCfg = Debug|Any CPU
		{11FFD760-0E22-4D13-9352-63689EBE7D62}.Debug|Any CPU.Build.0 = Debug|Any CPU
		{11FFD760-0E22-4D13-9352-63689EBE7D62}.Release|Any CPU.ActiveCfg = Release|Any CPU
		{11FFD760-0E22-4D13-9352-63689EBE7D62}.Release|Any CPU.Build.0 = Release|Any CPU
		{79FF0951-6492-431C-8A15-FF91B5ED1EB1}.Debug|Any CPU.ActiveCfg = Debug|Any CPU
		{79FF0951-6492-431C-8A15-FF91B5ED1EB1}.Debug|Any CPU.Build.0 = Debug|Any CPU
		{79FF0951-6492-431C-8A15-FF91B5ED1EB1}.Release|Any CPU.ActiveCfg = Release|Any CPU
		{79FF0951-6492-431C-8A15-FF91B5ED1EB1}.Release|Any CPU.Build.0 = Release|Any CPU
		{645DEFB0-B42E-49E7-8ACB-4BECCADC265D}.Debug|Any CPU.ActiveCfg = Debug|Any CPU
		{645DEFB0-B42E-49E7-8ACB-4BECCADC265D}.Debug|Any CPU.Build.0 = Debug|Any CPU
		{645DEFB0-B42E-49E7-8ACB-4BECCADC265D}.Release|Any CPU.ActiveCfg = Release|Any CPU
		{645DEFB0-B42E-49E7-8ACB-4BECCADC265D}.Release|Any CPU.Build.0 = Release|Any CPU
		{AEF40A29-25B9-45D5-A7FD-E5FD7DA18F08}.Debug|Any CPU.ActiveCfg = Debug|Any CPU
		{AEF40A29-25B9-45D5-A7FD-E5FD7DA18F08}.Debug|Any CPU.Build.0 = Debug|Any CPU
		{AEF40A29-25B9-45D5-A7FD-E5FD7DA18F08}.Release|Any CPU.ActiveCfg = Release|Any CPU
		{AEF40A29-25B9-45D5-A7FD-E5FD7DA18F08}.Release|Any CPU.Build.0 = Release|Any CPU
		{227DE843-3374-4BD6-BA1E-AAC21ACDAC0E}.Debug|Any CPU.ActiveCfg = Debug|Any CPU
		{227DE843-3374-4BD6-BA1E-AAC21ACDAC0E}.Debug|Any CPU.Build.0 = Debug|Any CPU
		{227DE843-3374-4BD6-BA1E-AAC21ACDAC0E}.Release|Any CPU.ActiveCfg = Release|Any CPU
		{227DE843-3374-4BD6-BA1E-AAC21ACDAC0E}.Release|Any CPU.Build.0 = Release|Any CPU
		{1B592975-1B44-4DC8-BB66-21357F2D5F0E}.Debug|Any CPU.ActiveCfg = Debug|Any CPU
		{1B592975-1B44-4DC8-BB66-21357F2D5F0E}.Debug|Any CPU.Build.0 = Debug|Any CPU
		{1B592975-1B44-4DC8-BB66-21357F2D5F0E}.Release|Any CPU.ActiveCfg = Release|Any CPU
		{1B592975-1B44-4DC8-BB66-21357F2D5F0E}.Release|Any CPU.Build.0 = Release|Any CPU
	EndGlobalSection
	GlobalSection(SolutionProperties) = preSolution
		HideSolutionNode = FALSE
	EndGlobalSection
	GlobalSection(ExtensibilityGlobals) = postSolution
		SolutionGuid = {92C36603-39BA-4376-A929-0D8B92282655}
	EndGlobalSection
EndGlobal
